
Microsoft Visual Studio Solution File, Format Version 12.00
# Visual Studio Version 16
VisualStudioVersion = 16.0.30002.166
MinimumVisualStudioVersion = 10.0.40219.1
Project("{FAE04EC0-301F-11D3-BF4B-00C04F79EFBC}") = "WebApplication1", "WebApplication1\WebApplication1.csproj", "{FFFEA69D-2784-43E6-A99B-A73018AD001D}"
EndProject
Global
	GlobalSection(SolutionConfigurationPlatforms) = preSolution
		Debug|Any CPU = Debug|Any CPU
		Release|Any CPU = Release|Any CPU
	EndGlobalSection
	GlobalSection(ProjectConfigurationPlatforms) = postSolution
		{FFFEA69D-2784-43E6-A99B-A73018AD001D}.Debug|Any CPU.ActiveCfg = Debug|Any CPU
		{FFFEA69D-2784-43E6-A99B-A73018AD001D}.Debug|Any CPU.Build.0 = Debug|Any CPU
		{FFFEA69D-2784-43E6-A99B-A73018AD001D}.Release|Any CPU.ActiveCfg = Release|Any CPU
		{FFFEA69D-2784-43E6-A99B-A73018AD001D}.Release|Any CPU.Build.0 = Release|Any CPU
	EndGlobalSection
	GlobalSection(SolutionProperties) = preSolution
		HideSolutionNode = FALSE
	EndGlobalSection
	GlobalSection(ExtensibilityGlobals) = postSolution
		SolutionGuid = {4F7A5976-659A-4DC3-B9E6-1ED557F60258}
	EndGlobalSection
EndGlobal
